// !$*UTF8*$!
{
	archiveVersion = 1;
	classes = {
	};
	objectVersion = 55;
	objects = {

/* Begin PBXBuildFile section */
		0EFCE0DA08E0C9263A71D54D /* Pods_MusicApp.framework in Frameworks */ = {isa = PBXBuildFile; fileRef = 8D7512ED59930232A0B44397 /* Pods_MusicApp.framework */; };
		2601DB942D2AF0E2002024CC /* ImportOptionsCell.swift in Sources */ = {isa = PBXBuildFile; fileRef = 2601DB782D2AF0E2002024CC /* ImportOptionsCell.swift */; };
		2601DB952D2AF0E2002024CC /* TabViewController.swift in Sources */ = {isa = PBXBuildFile; fileRef = 2601DB792D2AF0E2002024CC /* TabViewController.swift */; };
		2601DB962D2AF0E2002024CC /* UIView+Pin.swift in Sources */ = {isa = PBXBuildFile; fileRef = 2601DB7A2D2AF0E2002024CC /* UIView+Pin.swift */; };
		2601DB972D2AF0E2002024CC /* UserDefaultsKeys.swift in Sources */ = {isa = PBXBuildFile; fileRef = 2601DB7B2D2AF0E2002024CC /* UserDefaultsKeys.swift */; };
		2601DB982D2AF0E2002024CC /* AudioImportAssembly.swift in Sources */ = {isa = PBXBuildFile; fileRef = 2601DB7D2D2AF0E2002024CC /* AudioImportAssembly.swift */; };
		2601DB992D2AF0E2002024CC /* AudioImportInteractor.swift in Sources */ = {isa = PBXBuildFile; fileRef = 2601DB7E2D2AF0E2002024CC /* AudioImportInteractor.swift */; };
		2601DB9A2D2AF0E2002024CC /* AudioImportModels.swift in Sources */ = {isa = PBXBuildFile; fileRef = 2601DB7F2D2AF0E2002024CC /* AudioImportModels.swift */; };
		2601DB9B2D2AF0E2002024CC /* AudioImportPresenter.swift in Sources */ = {isa = PBXBuildFile; fileRef = 2601DB802D2AF0E2002024CC /* AudioImportPresenter.swift */; };
		2601DB9C2D2AF0E2002024CC /* AudioImportProtocols.swift in Sources */ = {isa = PBXBuildFile; fileRef = 2601DB812D2AF0E2002024CC /* AudioImportProtocols.swift */; };
		2601DB9D2D2AF0E2002024CC /* AudioImportViewController.swift in Sources */ = {isa = PBXBuildFile; fileRef = 2601DB822D2AF0E2002024CC /* AudioImportViewController.swift */; };
		2601DB9F2D2AF0E2002024CC /* StartScreenAssembly.swift in Sources */ = {isa = PBXBuildFile; fileRef = 2601DB852D2AF0E2002024CC /* StartScreenAssembly.swift */; };
		2601DBA02D2AF0E2002024CC /* StartScreenInteractor.swift in Sources */ = {isa = PBXBuildFile; fileRef = 2601DB862D2AF0E2002024CC /* StartScreenInteractor.swift */; };
		2601DBA12D2AF0E2002024CC /* StartScreenModels.swift in Sources */ = {isa = PBXBuildFile; fileRef = 2601DB872D2AF0E2002024CC /* StartScreenModels.swift */; };
		2601DBA22D2AF0E2002024CC /* StartScreenPresenter.swift in Sources */ = {isa = PBXBuildFile; fileRef = 2601DB882D2AF0E2002024CC /* StartScreenPresenter.swift */; };
		2601DBA32D2AF0E2002024CC /* StartScreenProtocols.swift in Sources */ = {isa = PBXBuildFile; fileRef = 2601DB892D2AF0E2002024CC /* StartScreenProtocols.swift */; };
		2601DBA42D2AF0E2002024CC /* StartScreenViewController.swift in Sources */ = {isa = PBXBuildFile; fileRef = 2601DB8A2D2AF0E2002024CC /* StartScreenViewController.swift */; };
		2601DBA52D2AF0E2002024CC /* StartScreenWorker.swift in Sources */ = {isa = PBXBuildFile; fileRef = 2601DB8B2D2AF0E2002024CC /* StartScreenWorker.swift */; };
		2601DBA62D2AF0E2002024CC /* AppDelegate.swift in Sources */ = {isa = PBXBuildFile; fileRef = 2601DB8D2D2AF0E2002024CC /* AppDelegate.swift */; };
		2601DBA72D2AF0E2002024CC /* SceneDelegate.swift in Sources */ = {isa = PBXBuildFile; fileRef = 2601DB922D2AF0E2002024CC /* SceneDelegate.swift */; };
		2601DBA82D2AF0E2002024CC /* Assets.xcassets in Resources */ = {isa = PBXBuildFile; fileRef = 2601DB8E2D2AF0E2002024CC /* Assets.xcassets */; };
		2601DBAA2D2AF0E2002024CC /* LaunchScreen.storyboard in Resources */ = {isa = PBXBuildFile; fileRef = 2601DB912D2AF0E2002024CC /* LaunchScreen.storyboard */; };
		261F542A2D4E5A2300FA94F2 /* AudioPlayerService.swift in Sources */ = {isa = PBXBuildFile; fileRef = 261F54292D4E5A1A00FA94F2 /* AudioPlayerService.swift */; };
		261F542C2D4E5FB400FA94F2 /* MiniPlayerView.swift in Sources */ = {isa = PBXBuildFile; fileRef = 261F542B2D4E5FAE00FA94F2 /* MiniPlayerView.swift */; };
		261F542F2D4E6BCD00FA94F2 /* MiniPlayerViewFactory.swift in Sources */ = {isa = PBXBuildFile; fileRef = 261F542E2D4E6BC500FA94F2 /* MiniPlayerViewFactory.swift */; };
		261F54312D4E9F5900FA94F2 /* README.md in Resources */ = {isa = PBXBuildFile; fileRef = 261F54302D4E9F4E00FA94F2 /* README.md */; };
		263878962D6F65F000AB5104 /* GoogleDriveClient in Frameworks */ = {isa = PBXBuildFile; productRef = 263878952D6F65F000AB5104 /* GoogleDriveClient */; };
		2646EE482D2EBB75002E7FFA /* AudioFile.swift in Sources */ = {isa = PBXBuildFile; fileRef = 2646EE472D2EBB6D002E7FFA /* AudioFile.swift */; };
		2646EE4A2D2EBCDB002E7FFA /* CloudServiceType.swift in Sources */ = {isa = PBXBuildFile; fileRef = 2646EE492D2EBCD9002E7FFA /* CloudServiceType.swift */; };
		2646EE4D2D2EE20D002E7FFA /* CloudAudioService.swift in Sources */ = {isa = PBXBuildFile; fileRef = 2646EE4C2D2EE201002E7FFA /* CloudAudioService.swift */; };
		2646EE502D2EE547002E7FFA /* GoogleDriveWorker.swift in Sources */ = {isa = PBXBuildFile; fileRef = 2646EE4F2D2EE535002E7FFA /* GoogleDriveWorker.swift */; };
		2646EE522D2EE55C002E7FFA /* DropboxWorker.swift in Sources */ = {isa = PBXBuildFile; fileRef = 2646EE512D2EE550002E7FFA /* DropboxWorker.swift */; };
		2654A3E62D3AA84A00CCC58D /* MyMusicViewController.swift in Sources */ = {isa = PBXBuildFile; fileRef = 2654A3E52D3AA82D00CCC58D /* MyMusicViewController.swift */; };
		2654A3E82D3AA8B400CCC58D /* MyMusicModels.swift in Sources */ = {isa = PBXBuildFile; fileRef = 2654A3E72D3AA8AA00CCC58D /* MyMusicModels.swift */; };
		2654A3EA2D3AA8CA00CCC58D /* MyMusicProtocols.swift in Sources */ = {isa = PBXBuildFile; fileRef = 2654A3E92D3AA8BD00CCC58D /* MyMusicProtocols.swift */; };
		2654A3EC2D3AA8F900CCC58D /* MyMusicInteractor.swift in Sources */ = {isa = PBXBuildFile; fileRef = 2654A3EB2D3AA8D200CCC58D /* MyMusicInteractor.swift */; };
		2654A3EE2D3AA90900CCC58D /* MyMusicPresenter.swift in Sources */ = {isa = PBXBuildFile; fileRef = 2654A3ED2D3AA90200CCC58D /* MyMusicPresenter.swift */; };
		2654A3F02D3AA93600CCC58D /* MyMusicAssembly.swift in Sources */ = {isa = PBXBuildFile; fileRef = 2654A3EF2D3AA92600CCC58D /* MyMusicAssembly.swift */; };
		2654A44C2D3BDB5D00CCC58D /* MyMusicViewFactory.swift in Sources */ = {isa = PBXBuildFile; fileRef = 2654A44B2D3BDB4800CCC58D /* MyMusicViewFactory.swift */; };
		2694C2B22D3037F900DFB9E8 /* CloudWorkerProtocol.swift in Sources */ = {isa = PBXBuildFile; fileRef = 2694C2B12D3037F300DFB9E8 /* CloudWorkerProtocol.swift */; };
		2694C2CC2D31A0D600DFB9E8 /* CloudAuthService.swift in Sources */ = {isa = PBXBuildFile; fileRef = 2694C2CB2D31A05E00DFB9E8 /* CloudAuthService.swift */; };
		2694C2D22D34294F00DFB9E8 /* SettingsScreenModels.swift in Sources */ = {isa = PBXBuildFile; fileRef = 2694C2D12D34294A00DFB9E8 /* SettingsScreenModels.swift */; };
		2694C2D42D34295700DFB9E8 /* SettingsScreenProtocols.swift in Sources */ = {isa = PBXBuildFile; fileRef = 2694C2D32D34295200DFB9E8 /* SettingsScreenProtocols.swift */; };
		2694C2D62D34296300DFB9E8 /* SettingsScreenInteractor.swift in Sources */ = {isa = PBXBuildFile; fileRef = 2694C2D52D34295B00DFB9E8 /* SettingsScreenInteractor.swift */; };
		2694C2D82D34296A00DFB9E8 /* SettingsScreenPresenter.swift in Sources */ = {isa = PBXBuildFile; fileRef = 2694C2D72D34296500DFB9E8 /* SettingsScreenPresenter.swift */; };
		2694C2DA2D34297B00DFB9E8 /* SettingsScreenAssembly.swift in Sources */ = {isa = PBXBuildFile; fileRef = 2694C2D92D34296D00DFB9E8 /* SettingsScreenAssembly.swift */; };
		2694C2DC2D34298100DFB9E8 /* SettingsScreenWorker.swift in Sources */ = {isa = PBXBuildFile; fileRef = 2694C2DB2D34297E00DFB9E8 /* SettingsScreenWorker.swift */; };
		2694C2DE2D34298800DFB9E8 /* SettingsScreenViewController.swift in Sources */ = {isa = PBXBuildFile; fileRef = 2694C2DD2D34298300DFB9E8 /* SettingsScreenViewController.swift */; };
		2694C33A2D344F8900DFB9E8 /* .gitignore in Sources */ = {isa = PBXBuildFile; fileRef = 2694C3392D344F7F00DFB9E8 /* .gitignore */; };
		26A579302D652F55007FA466 /* PlayerViewController.swift in Sources */ = {isa = PBXBuildFile; fileRef = 26A5792E2D652F55007FA466 /* PlayerViewController.swift */; };
		26A579322D653170007FA466 /* PlayerInteractor.swift in Sources */ = {isa = PBXBuildFile; fileRef = 26A579312D653163007FA466 /* PlayerInteractor.swift */; };
		26A579342D65317B007FA466 /* PlayerPresenter.swift in Sources */ = {isa = PBXBuildFile; fileRef = 26A579332D653176007FA466 /* PlayerPresenter.swift */; };
		26A579362D653187007FA466 /* PlayerModels.swift in Sources */ = {isa = PBXBuildFile; fileRef = 26A579352D65317F007FA466 /* PlayerModels.swift */; };
		26A579382D653196007FA466 /* PlayerProtocols.swift in Sources */ = {isa = PBXBuildFile; fileRef = 26A579372D65318C007FA466 /* PlayerProtocols.swift */; };
		26A5793A2D6531A4007FA466 /* PlayerAssembly.swift in Sources */ = {isa = PBXBuildFile; fileRef = 26A579392D65319A007FA466 /* PlayerAssembly.swift */; };
		26A579402D65EB94007FA466 /* DEBUG-keys.plist in Resources */ = {isa = PBXBuildFile; fileRef = 26A5793F2D65EB94007FA466 /* DEBUG-keys.plist */; };
		26A579422D65EBAF007FA466 /* PROD-keys.plist in Resources */ = {isa = PBXBuildFile; fileRef = 26A579412D65EBAF007FA466 /* PROD-keys.plist */; };
		26A579452D65EC03007FA466 /* Env.swift in Sources */ = {isa = PBXBuildFile; fileRef = 26A579442D65EBFE007FA466 /* Env.swift */; };
		26A579472D65EDAC007FA466 /* EnvProtocols.swift in Sources */ = {isa = PBXBuildFile; fileRef = 26A579462D65EDA8007FA466 /* EnvProtocols.swift */; };
		26C446C22D4908460094C5F4 /* LocalAudioService.swift in Sources */ = {isa = PBXBuildFile; fileRef = 26C446C12D4908420094C5F4 /* LocalAudioService.swift */; };
		26C446C52D4909380094C5F4 /* LocalAudioWorker.swift in Sources */ = {isa = PBXBuildFile; fileRef = 26C446C42D4909300094C5F4 /* LocalAudioWorker.swift */; };
		26C446F92D4A76680094C5F4 /* AudioImportWorker.swift in Sources */ = {isa = PBXBuildFile; fileRef = 26C446F82D4A75FD0094C5F4 /* AudioImportWorker.swift */; };
		26C446FB2D4A9ACD0094C5F4 /* SortType.swift in Sources */ = {isa = PBXBuildFile; fileRef = 26C446FA2D4A9AC10094C5F4 /* SortType.swift */; };
		26C446FD2D4A9B990094C5F4 /* MyMusicWorker.swift in Sources */ = {isa = PBXBuildFile; fileRef = 26C446FC2D4A9B930094C5F4 /* MyMusicWorker.swift */; };
		26C640D42D36D4C800E83901 /* Color.swift in Sources */ = {isa = PBXBuildFile; fileRef = 26C640D22D36D4C800E83901 /* Color.swift */; };
		26C640D72D36D4DA00E83901 /* Image.swift in Sources */ = {isa = PBXBuildFile; fileRef = 26C640D62D36D4D700E83901 /* Image.swift */; };
		26C6410F2D36F45E00E83901 /* UIViewController+Alert.swift in Sources */ = {isa = PBXBuildFile; fileRef = 26C6410E2D36F45000E83901 /* UIViewController+Alert.swift */; };
		26D6719C2D3D7ABA0074B5B8 /* FetchedAudioCell.swift in Sources */ = {isa = PBXBuildFile; fileRef = 26D6719B2D3D7AA60074B5B8 /* FetchedAudioCell.swift */; };
		26E6BDAD2D6D0EC400898720 /* DownloadState.swift in Sources */ = {isa = PBXBuildFile; fileRef = 26E6BDAC2D6D0EBE00898720 /* DownloadState.swift */; };
		26E7E20C2D2D6381003AFA22 /* AudioFilesOverviewScreenModels.swift in Sources */ = {isa = PBXBuildFile; fileRef = 26E7E20B2D2D6378003AFA22 /* AudioFilesOverviewScreenModels.swift */; };
		26E7E20E2D2D638F003AFA22 /* AudioFilesOverviewScreenProtocols.swift in Sources */ = {isa = PBXBuildFile; fileRef = 26E7E20D2D2D638A003AFA22 /* AudioFilesOverviewScreenProtocols.swift */; };
		26E7E2102D2D639F003AFA22 /* AudioFilesOverviewScreenInteractor.swift in Sources */ = {isa = PBXBuildFile; fileRef = 26E7E20F2D2D6396003AFA22 /* AudioFilesOverviewScreenInteractor.swift */; };
		26E7E2122D2D63D4003AFA22 /* AudioFilesOverviewScreenPresenter.swift in Sources */ = {isa = PBXBuildFile; fileRef = 26E7E2112D2D63CD003AFA22 /* AudioFilesOverviewScreenPresenter.swift */; };
		26E7E2142D2D63FA003AFA22 /* AudioFilesOverviewScreenAssembly.swift in Sources */ = {isa = PBXBuildFile; fileRef = 26E7E2132D2D63D7003AFA22 /* AudioFilesOverviewScreenAssembly.swift */; };
		26E7E2162D2D6408003AFA22 /* AudioFilesOverviewScreenViewController.swift in Sources */ = {isa = PBXBuildFile; fileRef = 26E7E2152D2D63FF003AFA22 /* AudioFilesOverviewScreenViewController.swift */; };
		26E7E2182D2D640F003AFA22 /* AudioFilesOverviewScreenWorker.swift in Sources */ = {isa = PBXBuildFile; fileRef = 26E7E2172D2D640C003AFA22 /* AudioFilesOverviewScreenWorker.swift */; };
		26E7E21A2D2D940F003AFA22 /* AudioFilesCell.swift in Sources */ = {isa = PBXBuildFile; fileRef = 26E7E2192D2D940D003AFA22 /* AudioFilesCell.swift */; };
/* End PBXBuildFile section */

/* Begin PBXFileReference section */
		2601DB782D2AF0E2002024CC /* ImportOptionsCell.swift */ = {isa = PBXFileReference; lastKnownFileType = sourcecode.swift; path = ImportOptionsCell.swift; sourceTree = "<group>"; };
		2601DB792D2AF0E2002024CC /* TabViewController.swift */ = {isa = PBXFileReference; lastKnownFileType = sourcecode.swift; path = TabViewController.swift; sourceTree = "<group>"; };
		2601DB7A2D2AF0E2002024CC /* UIView+Pin.swift */ = {isa = PBXFileReference; lastKnownFileType = sourcecode.swift; path = "UIView+Pin.swift"; sourceTree = "<group>"; };
		2601DB7B2D2AF0E2002024CC /* UserDefaultsKeys.swift */ = {isa = PBXFileReference; lastKnownFileType = sourcecode.swift; path = UserDefaultsKeys.swift; sourceTree = "<group>"; };
		2601DB7D2D2AF0E2002024CC /* AudioImportAssembly.swift */ = {isa = PBXFileReference; lastKnownFileType = sourcecode.swift; path = AudioImportAssembly.swift; sourceTree = "<group>"; };
		2601DB7E2D2AF0E2002024CC /* AudioImportInteractor.swift */ = {isa = PBXFileReference; lastKnownFileType = sourcecode.swift; path = AudioImportInteractor.swift; sourceTree = "<group>"; };
		2601DB7F2D2AF0E2002024CC /* AudioImportModels.swift */ = {isa = PBXFileReference; lastKnownFileType = sourcecode.swift; path = AudioImportModels.swift; sourceTree = "<group>"; };
		2601DB802D2AF0E2002024CC /* AudioImportPresenter.swift */ = {isa = PBXFileReference; lastKnownFileType = sourcecode.swift; path = AudioImportPresenter.swift; sourceTree = "<group>"; };
		2601DB812D2AF0E2002024CC /* AudioImportProtocols.swift */ = {isa = PBXFileReference; lastKnownFileType = sourcecode.swift; path = AudioImportProtocols.swift; sourceTree = "<group>"; };
		2601DB822D2AF0E2002024CC /* AudioImportViewController.swift */ = {isa = PBXFileReference; lastKnownFileType = sourcecode.swift; path = AudioImportViewController.swift; sourceTree = "<group>"; };
		2601DB852D2AF0E2002024CC /* StartScreenAssembly.swift */ = {isa = PBXFileReference; lastKnownFileType = sourcecode.swift; path = StartScreenAssembly.swift; sourceTree = "<group>"; };
		2601DB862D2AF0E2002024CC /* StartScreenInteractor.swift */ = {isa = PBXFileReference; lastKnownFileType = sourcecode.swift; path = StartScreenInteractor.swift; sourceTree = "<group>"; };
		2601DB872D2AF0E2002024CC /* StartScreenModels.swift */ = {isa = PBXFileReference; lastKnownFileType = sourcecode.swift; path = StartScreenModels.swift; sourceTree = "<group>"; };
		2601DB882D2AF0E2002024CC /* StartScreenPresenter.swift */ = {isa = PBXFileReference; lastKnownFileType = sourcecode.swift; path = StartScreenPresenter.swift; sourceTree = "<group>"; };
		2601DB892D2AF0E2002024CC /* StartScreenProtocols.swift */ = {isa = PBXFileReference; lastKnownFileType = sourcecode.swift; path = StartScreenProtocols.swift; sourceTree = "<group>"; };
		2601DB8A2D2AF0E2002024CC /* StartScreenViewController.swift */ = {isa = PBXFileReference; lastKnownFileType = sourcecode.swift; path = StartScreenViewController.swift; sourceTree = "<group>"; };
		2601DB8B2D2AF0E2002024CC /* StartScreenWorker.swift */ = {isa = PBXFileReference; lastKnownFileType = sourcecode.swift; path = StartScreenWorker.swift; sourceTree = "<group>"; };
		2601DB8D2D2AF0E2002024CC /* AppDelegate.swift */ = {isa = PBXFileReference; lastKnownFileType = sourcecode.swift; path = AppDelegate.swift; sourceTree = "<group>"; };
		2601DB8E2D2AF0E2002024CC /* Assets.xcassets */ = {isa = PBXFileReference; lastKnownFileType = folder.assetcatalog; path = Assets.xcassets; sourceTree = "<group>"; };
		2601DB8F2D2AF0E2002024CC /* Info.plist */ = {isa = PBXFileReference; lastKnownFileType = text.plist.xml; path = Info.plist; sourceTree = "<group>"; };
		2601DB902D2AF0E2002024CC /* Base */ = {isa = PBXFileReference; lastKnownFileType = file.storyboard; name = Base; path = Base.lproj/LaunchScreen.storyboard; sourceTree = "<group>"; };
		2601DB922D2AF0E2002024CC /* SceneDelegate.swift */ = {isa = PBXFileReference; lastKnownFileType = sourcecode.swift; path = SceneDelegate.swift; sourceTree = "<group>"; };
		261F54292D4E5A1A00FA94F2 /* AudioPlayerService.swift */ = {isa = PBXFileReference; lastKnownFileType = sourcecode.swift; path = AudioPlayerService.swift; sourceTree = "<group>"; };
		261F542B2D4E5FAE00FA94F2 /* MiniPlayerView.swift */ = {isa = PBXFileReference; lastKnownFileType = sourcecode.swift; path = MiniPlayerView.swift; sourceTree = "<group>"; };
		261F542E2D4E6BC500FA94F2 /* MiniPlayerViewFactory.swift */ = {isa = PBXFileReference; lastKnownFileType = sourcecode.swift; path = MiniPlayerViewFactory.swift; sourceTree = "<group>"; };
		261F54302D4E9F4E00FA94F2 /* README.md */ = {isa = PBXFileReference; lastKnownFileType = net.daringfireball.markdown; path = README.md; sourceTree = "<group>"; };
		2646EE472D2EBB6D002E7FFA /* AudioFile.swift */ = {isa = PBXFileReference; lastKnownFileType = sourcecode.swift; path = AudioFile.swift; sourceTree = "<group>"; };
		2646EE492D2EBCD9002E7FFA /* CloudServiceType.swift */ = {isa = PBXFileReference; lastKnownFileType = sourcecode.swift; path = CloudServiceType.swift; sourceTree = "<group>"; };
		2646EE4C2D2EE201002E7FFA /* CloudAudioService.swift */ = {isa = PBXFileReference; lastKnownFileType = sourcecode.swift; path = CloudAudioService.swift; sourceTree = "<group>"; };
		2646EE4F2D2EE535002E7FFA /* GoogleDriveWorker.swift */ = {isa = PBXFileReference; lastKnownFileType = sourcecode.swift; path = GoogleDriveWorker.swift; sourceTree = "<group>"; };
		2646EE512D2EE550002E7FFA /* DropboxWorker.swift */ = {isa = PBXFileReference; lastKnownFileType = sourcecode.swift; path = DropboxWorker.swift; sourceTree = "<group>"; };
		2654A3E52D3AA82D00CCC58D /* MyMusicViewController.swift */ = {isa = PBXFileReference; lastKnownFileType = sourcecode.swift; path = MyMusicViewController.swift; sourceTree = "<group>"; };
		2654A3E72D3AA8AA00CCC58D /* MyMusicModels.swift */ = {isa = PBXFileReference; lastKnownFileType = sourcecode.swift; path = MyMusicModels.swift; sourceTree = "<group>"; };
		2654A3E92D3AA8BD00CCC58D /* MyMusicProtocols.swift */ = {isa = PBXFileReference; lastKnownFileType = sourcecode.swift; path = MyMusicProtocols.swift; sourceTree = "<group>"; };
		2654A3EB2D3AA8D200CCC58D /* MyMusicInteractor.swift */ = {isa = PBXFileReference; lastKnownFileType = sourcecode.swift; path = MyMusicInteractor.swift; sourceTree = "<group>"; };
		2654A3ED2D3AA90200CCC58D /* MyMusicPresenter.swift */ = {isa = PBXFileReference; lastKnownFileType = sourcecode.swift; path = MyMusicPresenter.swift; sourceTree = "<group>"; };
		2654A3EF2D3AA92600CCC58D /* MyMusicAssembly.swift */ = {isa = PBXFileReference; lastKnownFileType = sourcecode.swift; path = MyMusicAssembly.swift; sourceTree = "<group>"; };
		2654A44B2D3BDB4800CCC58D /* MyMusicViewFactory.swift */ = {isa = PBXFileReference; lastKnownFileType = sourcecode.swift; path = MyMusicViewFactory.swift; sourceTree = "<group>"; };
		26858F762D1AE2A600897E37 /* MusicApp.app */ = {isa = PBXFileReference; explicitFileType = wrapper.application; includeInIndex = 0; path = MusicApp.app; sourceTree = BUILT_PRODUCTS_DIR; };
		2694C2B12D3037F300DFB9E8 /* CloudWorkerProtocol.swift */ = {isa = PBXFileReference; lastKnownFileType = sourcecode.swift; path = CloudWorkerProtocol.swift; sourceTree = "<group>"; };
		2694C2CB2D31A05E00DFB9E8 /* CloudAuthService.swift */ = {isa = PBXFileReference; lastKnownFileType = sourcecode.swift; path = CloudAuthService.swift; sourceTree = "<group>"; };
		2694C2D12D34294A00DFB9E8 /* SettingsScreenModels.swift */ = {isa = PBXFileReference; lastKnownFileType = sourcecode.swift; path = SettingsScreenModels.swift; sourceTree = "<group>"; };
		2694C2D32D34295200DFB9E8 /* SettingsScreenProtocols.swift */ = {isa = PBXFileReference; lastKnownFileType = sourcecode.swift; path = SettingsScreenProtocols.swift; sourceTree = "<group>"; };
		2694C2D52D34295B00DFB9E8 /* SettingsScreenInteractor.swift */ = {isa = PBXFileReference; lastKnownFileType = sourcecode.swift; path = SettingsScreenInteractor.swift; sourceTree = "<group>"; };
		2694C2D72D34296500DFB9E8 /* SettingsScreenPresenter.swift */ = {isa = PBXFileReference; lastKnownFileType = sourcecode.swift; path = SettingsScreenPresenter.swift; sourceTree = "<group>"; };
		2694C2D92D34296D00DFB9E8 /* SettingsScreenAssembly.swift */ = {isa = PBXFileReference; lastKnownFileType = sourcecode.swift; path = SettingsScreenAssembly.swift; sourceTree = "<group>"; };
		2694C2DB2D34297E00DFB9E8 /* SettingsScreenWorker.swift */ = {isa = PBXFileReference; lastKnownFileType = sourcecode.swift; path = SettingsScreenWorker.swift; sourceTree = "<group>"; };
		2694C2DD2D34298300DFB9E8 /* SettingsScreenViewController.swift */ = {isa = PBXFileReference; lastKnownFileType = sourcecode.swift; path = SettingsScreenViewController.swift; sourceTree = "<group>"; };
		2694C3392D344F7F00DFB9E8 /* .gitignore */ = {isa = PBXFileReference; lastKnownFileType = text; path = .gitignore; sourceTree = "<group>"; };
		26A5792E2D652F55007FA466 /* PlayerViewController.swift */ = {isa = PBXFileReference; lastKnownFileType = sourcecode.swift; path = PlayerViewController.swift; sourceTree = "<group>"; };
		26A579312D653163007FA466 /* PlayerInteractor.swift */ = {isa = PBXFileReference; lastKnownFileType = sourcecode.swift; path = PlayerInteractor.swift; sourceTree = "<group>"; };
		26A579332D653176007FA466 /* PlayerPresenter.swift */ = {isa = PBXFileReference; lastKnownFileType = sourcecode.swift; path = PlayerPresenter.swift; sourceTree = "<group>"; };
		26A579352D65317F007FA466 /* PlayerModels.swift */ = {isa = PBXFileReference; lastKnownFileType = sourcecode.swift; path = PlayerModels.swift; sourceTree = "<group>"; };
		26A579372D65318C007FA466 /* PlayerProtocols.swift */ = {isa = PBXFileReference; lastKnownFileType = sourcecode.swift; path = PlayerProtocols.swift; sourceTree = "<group>"; };
		26A579392D65319A007FA466 /* PlayerAssembly.swift */ = {isa = PBXFileReference; lastKnownFileType = sourcecode.swift; path = PlayerAssembly.swift; sourceTree = "<group>"; };
		26A5793F2D65EB94007FA466 /* DEBUG-keys.plist */ = {isa = PBXFileReference; lastKnownFileType = text.plist.xml; path = "DEBUG-keys.plist"; sourceTree = "<group>"; };
		26A579412D65EBAF007FA466 /* PROD-keys.plist */ = {isa = PBXFileReference; lastKnownFileType = text.plist.xml; path = "PROD-keys.plist"; sourceTree = "<group>"; };
		26A579442D65EBFE007FA466 /* Env.swift */ = {isa = PBXFileReference; lastKnownFileType = sourcecode.swift; path = Env.swift; sourceTree = "<group>"; };
		26A579462D65EDA8007FA466 /* EnvProtocols.swift */ = {isa = PBXFileReference; lastKnownFileType = sourcecode.swift; path = EnvProtocols.swift; sourceTree = "<group>"; };
		26C446C12D4908420094C5F4 /* LocalAudioService.swift */ = {isa = PBXFileReference; lastKnownFileType = sourcecode.swift; path = LocalAudioService.swift; sourceTree = "<group>"; };
		26C446C42D4909300094C5F4 /* LocalAudioWorker.swift */ = {isa = PBXFileReference; lastKnownFileType = sourcecode.swift; path = LocalAudioWorker.swift; sourceTree = "<group>"; };
		26C446F82D4A75FD0094C5F4 /* AudioImportWorker.swift */ = {isa = PBXFileReference; lastKnownFileType = sourcecode.swift; path = AudioImportWorker.swift; sourceTree = "<group>"; };
		26C446FA2D4A9AC10094C5F4 /* SortType.swift */ = {isa = PBXFileReference; lastKnownFileType = sourcecode.swift; path = SortType.swift; sourceTree = "<group>"; };
		26C446FC2D4A9B930094C5F4 /* MyMusicWorker.swift */ = {isa = PBXFileReference; lastKnownFileType = sourcecode.swift; path = MyMusicWorker.swift; sourceTree = "<group>"; };
		26C640D22D36D4C800E83901 /* Color.swift */ = {isa = PBXFileReference; lastKnownFileType = sourcecode.swift; path = Color.swift; sourceTree = "<group>"; };
		26C640D62D36D4D700E83901 /* Image.swift */ = {isa = PBXFileReference; lastKnownFileType = sourcecode.swift; path = Image.swift; sourceTree = "<group>"; };
		26C6410E2D36F45000E83901 /* UIViewController+Alert.swift */ = {isa = PBXFileReference; lastKnownFileType = sourcecode.swift; path = "UIViewController+Alert.swift"; sourceTree = "<group>"; };
		26D6719B2D3D7AA60074B5B8 /* FetchedAudioCell.swift */ = {isa = PBXFileReference; lastKnownFileType = sourcecode.swift; path = FetchedAudioCell.swift; sourceTree = "<group>"; };
		26E6BDAC2D6D0EBE00898720 /* DownloadState.swift */ = {isa = PBXFileReference; lastKnownFileType = sourcecode.swift; path = DownloadState.swift; sourceTree = "<group>"; };
		26E7E20B2D2D6378003AFA22 /* AudioFilesOverviewScreenModels.swift */ = {isa = PBXFileReference; lastKnownFileType = sourcecode.swift; path = AudioFilesOverviewScreenModels.swift; sourceTree = "<group>"; };
		26E7E20D2D2D638A003AFA22 /* AudioFilesOverviewScreenProtocols.swift */ = {isa = PBXFileReference; lastKnownFileType = sourcecode.swift; path = AudioFilesOverviewScreenProtocols.swift; sourceTree = "<group>"; };
		26E7E20F2D2D6396003AFA22 /* AudioFilesOverviewScreenInteractor.swift */ = {isa = PBXFileReference; lastKnownFileType = sourcecode.swift; path = AudioFilesOverviewScreenInteractor.swift; sourceTree = "<group>"; };
		26E7E2112D2D63CD003AFA22 /* AudioFilesOverviewScreenPresenter.swift */ = {isa = PBXFileReference; lastKnownFileType = sourcecode.swift; path = AudioFilesOverviewScreenPresenter.swift; sourceTree = "<group>"; };
		26E7E2132D2D63D7003AFA22 /* AudioFilesOverviewScreenAssembly.swift */ = {isa = PBXFileReference; lastKnownFileType = sourcecode.swift; path = AudioFilesOverviewScreenAssembly.swift; sourceTree = "<group>"; };
		26E7E2152D2D63FF003AFA22 /* AudioFilesOverviewScreenViewController.swift */ = {isa = PBXFileReference; lastKnownFileType = sourcecode.swift; path = AudioFilesOverviewScreenViewController.swift; sourceTree = "<group>"; };
		26E7E2172D2D640C003AFA22 /* AudioFilesOverviewScreenWorker.swift */ = {isa = PBXFileReference; lastKnownFileType = sourcecode.swift; path = AudioFilesOverviewScreenWorker.swift; sourceTree = "<group>"; };
		26E7E2192D2D940D003AFA22 /* AudioFilesCell.swift */ = {isa = PBXFileReference; lastKnownFileType = sourcecode.swift; path = AudioFilesCell.swift; sourceTree = "<group>"; };
		8D7512ED59930232A0B44397 /* Pods_MusicApp.framework */ = {isa = PBXFileReference; explicitFileType = wrapper.framework; includeInIndex = 0; path = Pods_MusicApp.framework; sourceTree = BUILT_PRODUCTS_DIR; };
		AAE6DF0BF76E7FBECF84DDEE /* Pods-MusicApp.debug.xcconfig */ = {isa = PBXFileReference; includeInIndex = 1; lastKnownFileType = text.xcconfig; name = "Pods-MusicApp.debug.xcconfig"; path = "Target Support Files/Pods-MusicApp/Pods-MusicApp.debug.xcconfig"; sourceTree = "<group>"; };
		ECED1CDF70974F5E33ABFE2A /* Pods-MusicApp.release.xcconfig */ = {isa = PBXFileReference; includeInIndex = 1; lastKnownFileType = text.xcconfig; name = "Pods-MusicApp.release.xcconfig"; path = "Target Support Files/Pods-MusicApp/Pods-MusicApp.release.xcconfig"; sourceTree = "<group>"; };
/* End PBXFileReference section */

/* Begin PBXFrameworksBuildPhase section */
		26858F732D1AE2A600897E37 /* Frameworks */ = {
			isa = PBXFrameworksBuildPhase;
			buildActionMask = 2147483647;
			files = (
				0EFCE0DA08E0C9263A71D54D /* Pods_MusicApp.framework in Frameworks */,
				263878962D6F65F000AB5104 /* GoogleDriveClient in Frameworks */,
			);
			runOnlyForDeploymentPostprocessing = 0;
		};
/* End PBXFrameworksBuildPhase section */

/* Begin PBXGroup section */
		2601DB7C2D2AF0E2002024CC /* Types */ = {
			isa = PBXGroup;
			children = (
				26E6BDAC2D6D0EBE00898720 /* DownloadState.swift */,
				26C446FA2D4A9AC10094C5F4 /* SortType.swift */,
				2646EE492D2EBCD9002E7FFA /* CloudServiceType.swift */,
				2646EE472D2EBB6D002E7FFA /* AudioFile.swift */,
				2601DB7B2D2AF0E2002024CC /* UserDefaultsKeys.swift */,
			);
			path = Types;
			sourceTree = "<group>";
		};
		2601DB842D2AF0E2002024CC /* AudioImport */ = {
			isa = PBXGroup;
			children = (
				26C446F82D4A75FD0094C5F4 /* AudioImportWorker.swift */,
				2601DB7D2D2AF0E2002024CC /* AudioImportAssembly.swift */,
				2601DB7E2D2AF0E2002024CC /* AudioImportInteractor.swift */,
				2601DB7F2D2AF0E2002024CC /* AudioImportModels.swift */,
				2601DB802D2AF0E2002024CC /* AudioImportPresenter.swift */,
				2601DB812D2AF0E2002024CC /* AudioImportProtocols.swift */,
				2601DB822D2AF0E2002024CC /* AudioImportViewController.swift */,
			);
			path = AudioImport;
			sourceTree = "<group>";
		};
		2601DB8C2D2AF0E2002024CC /* StartScreen */ = {
			isa = PBXGroup;
			children = (
				2601DB852D2AF0E2002024CC /* StartScreenAssembly.swift */,
				2601DB862D2AF0E2002024CC /* StartScreenInteractor.swift */,
				2601DB872D2AF0E2002024CC /* StartScreenModels.swift */,
				2601DB882D2AF0E2002024CC /* StartScreenPresenter.swift */,
				2601DB892D2AF0E2002024CC /* StartScreenProtocols.swift */,
				2601DB8A2D2AF0E2002024CC /* StartScreenViewController.swift */,
				2601DB8B2D2AF0E2002024CC /* StartScreenWorker.swift */,
			);
			path = StartScreen;
			sourceTree = "<group>";
		};
		2601DB932D2AF0E2002024CC /* MusicApp */ = {
			isa = PBXGroup;
			children = (
				261BEB222D5CE64C0074982D /* Workers */,
				26A579432D65EBDB007FA466 /* EnvManager */,
				261BEB212D5CE5580074982D /* Services */,
				26C641112D36F9E500E83901 /* CustomViews */,
				26C641102D36F96E00E83901 /* Screens */,
				26C640D52D36D4CF00E83901 /* Images */,
				26C640D32D36D4C800E83901 /* Colors */,
				2601DB7C2D2AF0E2002024CC /* Types */,
				2646EE4B2D2EBCE0002E7FFA /* Extensions */,
				2601DB8D2D2AF0E2002024CC /* AppDelegate.swift */,
				2601DB8E2D2AF0E2002024CC /* Assets.xcassets */,
				2601DB8F2D2AF0E2002024CC /* Info.plist */,
				2601DB912D2AF0E2002024CC /* LaunchScreen.storyboard */,
				2601DB922D2AF0E2002024CC /* SceneDelegate.swift */,
				26A5793F2D65EB94007FA466 /* DEBUG-keys.plist */,
				26A579412D65EBAF007FA466 /* PROD-keys.plist */,
			);
			path = MusicApp;
			sourceTree = "<group>";
		};
		261BEB212D5CE5580074982D /* Services */ = {
			isa = PBXGroup;
			children = (
				261F54292D4E5A1A00FA94F2 /* AudioPlayerService.swift */,
				2646EE4C2D2EE201002E7FFA /* CloudAudioService.swift */,
				2694C2CB2D31A05E00DFB9E8 /* CloudAuthService.swift */,
				26C446C12D4908420094C5F4 /* LocalAudioService.swift */,
			);
			path = Services;
			sourceTree = "<group>";
		};
		261BEB222D5CE64C0074982D /* Workers */ = {
			isa = PBXGroup;
			children = (
				2694C2B12D3037F300DFB9E8 /* CloudWorkerProtocol.swift */,
				2646EE4F2D2EE535002E7FFA /* GoogleDriveWorker.swift */,
				2646EE512D2EE550002E7FFA /* DropboxWorker.swift */,
				26C446C42D4909300094C5F4 /* LocalAudioWorker.swift */,
			);
			path = Workers;
			sourceTree = "<group>";
		};
		261F542D2D4E6BAD00FA94F2 /* ViewFaсtories */ = {
			isa = PBXGroup;
			children = (
				261F542E2D4E6BC500FA94F2 /* MiniPlayerViewFactory.swift */,
			);
			path = "ViewFaсtories";
			sourceTree = "<group>";
		};
		2646EE4B2D2EBCE0002E7FFA /* Extensions */ = {
			isa = PBXGroup;
			children = (
				26C6410E2D36F45000E83901 /* UIViewController+Alert.swift */,
				2601DB7A2D2AF0E2002024CC /* UIView+Pin.swift */,
			);
			path = Extensions;
			sourceTree = "<group>";
		};
		2654A3E42D3AA82500CCC58D /* MyMusic */ = {
			isa = PBXGroup;
			children = (
				26C446FC2D4A9B930094C5F4 /* MyMusicWorker.swift */,
				2654A44B2D3BDB4800CCC58D /* MyMusicViewFactory.swift */,
				2654A3EF2D3AA92600CCC58D /* MyMusicAssembly.swift */,
				2654A3ED2D3AA90200CCC58D /* MyMusicPresenter.swift */,
				2654A3EB2D3AA8D200CCC58D /* MyMusicInteractor.swift */,
				2654A3E92D3AA8BD00CCC58D /* MyMusicProtocols.swift */,
				2654A3E72D3AA8AA00CCC58D /* MyMusicModels.swift */,
				2654A3E52D3AA82D00CCC58D /* MyMusicViewController.swift */,
			);
			path = MyMusic;
			sourceTree = "<group>";
		};
		26858F6D2D1AE2A600897E37 = {
			isa = PBXGroup;
			children = (
				261F54302D4E9F4E00FA94F2 /* README.md */,
				2694C3392D344F7F00DFB9E8 /* .gitignore */,
				2601DB932D2AF0E2002024CC /* MusicApp */,
				26858F772D1AE2A600897E37 /* Products */,
				D48A47FAD7DEA4098B3D259C /* Pods */,
				C59305DD2321A924BEF7E489 /* Frameworks */,
			);
			sourceTree = "<group>";
		};
		26858F772D1AE2A600897E37 /* Products */ = {
			isa = PBXGroup;
			children = (
				26858F762D1AE2A600897E37 /* MusicApp.app */,
			);
			name = Products;
			sourceTree = "<group>";
		};
		2694C2CF2D34292700DFB9E8 /* SettingsScreen */ = {
			isa = PBXGroup;
			children = (
				2694C2DD2D34298300DFB9E8 /* SettingsScreenViewController.swift */,
				2694C2DB2D34297E00DFB9E8 /* SettingsScreenWorker.swift */,
				2694C2D92D34296D00DFB9E8 /* SettingsScreenAssembly.swift */,
				2694C2D72D34296500DFB9E8 /* SettingsScreenPresenter.swift */,
				2694C2D52D34295B00DFB9E8 /* SettingsScreenInteractor.swift */,
				2694C2D32D34295200DFB9E8 /* SettingsScreenProtocols.swift */,
				2694C2D12D34294A00DFB9E8 /* SettingsScreenModels.swift */,
			);
			path = SettingsScreen;
			sourceTree = "<group>";
		};
		26A5792F2D652F55007FA466 /* Player */ = {
			isa = PBXGroup;
			children = (
				26A579392D65319A007FA466 /* PlayerAssembly.swift */,
				26A579372D65318C007FA466 /* PlayerProtocols.swift */,
				26A579352D65317F007FA466 /* PlayerModels.swift */,
				26A579332D653176007FA466 /* PlayerPresenter.swift */,
				26A579312D653163007FA466 /* PlayerInteractor.swift */,
				26A5792E2D652F55007FA466 /* PlayerViewController.swift */,
			);
			path = Player;
			sourceTree = "<group>";
		};
		26A579432D65EBDB007FA466 /* EnvManager */ = {
			isa = PBXGroup;
			children = (
				26A579462D65EDA8007FA466 /* EnvProtocols.swift */,
				26A579442D65EBFE007FA466 /* Env.swift */,
			);
			path = EnvManager;
			sourceTree = "<group>";
		};
		26C640D32D36D4C800E83901 /* Colors */ = {
			isa = PBXGroup;
			children = (
				26C640D22D36D4C800E83901 /* Color.swift */,
			);
			path = Colors;
			sourceTree = "<group>";
		};
		26C640D52D36D4CF00E83901 /* Images */ = {
			isa = PBXGroup;
			children = (
				26C640D62D36D4D700E83901 /* Image.swift */,
			);
			path = Images;
			sourceTree = "<group>";
		};
		26C641102D36F96E00E83901 /* Screens */ = {
			isa = PBXGroup;
			children = (
				26A5792F2D652F55007FA466 /* Player */,
				2694C2CF2D34292700DFB9E8 /* SettingsScreen */,
				2654A3E42D3AA82500CCC58D /* MyMusic */,
				26E7E20A2D2D636F003AFA22 /* AudioFilesOverviewScreen */,
				2601DB842D2AF0E2002024CC /* AudioImport */,
				2601DB8C2D2AF0E2002024CC /* StartScreen */,
			);
			path = Screens;
			sourceTree = "<group>";
		};
		26C641112D36F9E500E83901 /* CustomViews */ = {
			isa = PBXGroup;
			children = (
				261F542D2D4E6BAD00FA94F2 /* ViewFaсtories */,
				261F542B2D4E5FAE00FA94F2 /* MiniPlayerView.swift */,
				26D6719B2D3D7AA60074B5B8 /* FetchedAudioCell.swift */,
				2601DB782D2AF0E2002024CC /* ImportOptionsCell.swift */,
				26E7E2192D2D940D003AFA22 /* AudioFilesCell.swift */,
				2601DB792D2AF0E2002024CC /* TabViewController.swift */,
			);
			path = CustomViews;
			sourceTree = "<group>";
		};
		26E7E20A2D2D636F003AFA22 /* AudioFilesOverviewScreen */ = {
			isa = PBXGroup;
			children = (
				26E7E2172D2D640C003AFA22 /* AudioFilesOverviewScreenWorker.swift */,
				26E7E2152D2D63FF003AFA22 /* AudioFilesOverviewScreenViewController.swift */,
				26E7E2132D2D63D7003AFA22 /* AudioFilesOverviewScreenAssembly.swift */,
				26E7E2112D2D63CD003AFA22 /* AudioFilesOverviewScreenPresenter.swift */,
				26E7E20F2D2D6396003AFA22 /* AudioFilesOverviewScreenInteractor.swift */,
				26E7E20D2D2D638A003AFA22 /* AudioFilesOverviewScreenProtocols.swift */,
				26E7E20B2D2D6378003AFA22 /* AudioFilesOverviewScreenModels.swift */,
			);
			path = AudioFilesOverviewScreen;
			sourceTree = "<group>";
		};
		C59305DD2321A924BEF7E489 /* Frameworks */ = {
			isa = PBXGroup;
			children = (
				8D7512ED59930232A0B44397 /* Pods_MusicApp.framework */,
			);
			name = Frameworks;
			sourceTree = "<group>";
		};
		D48A47FAD7DEA4098B3D259C /* Pods */ = {
			isa = PBXGroup;
			children = (
				AAE6DF0BF76E7FBECF84DDEE /* Pods-MusicApp.debug.xcconfig */,
				ECED1CDF70974F5E33ABFE2A /* Pods-MusicApp.release.xcconfig */,
			);
			path = Pods;
			sourceTree = "<group>";
		};
/* End PBXGroup section */

/* Begin PBXNativeTarget section */
		26858F752D1AE2A600897E37 /* MusicApp */ = {
			isa = PBXNativeTarget;
			buildConfigurationList = 26858F892D1AE2A700897E37 /* Build configuration list for PBXNativeTarget "MusicApp" */;
			buildPhases = (
				FF375B2155078EF4232C8F4F /* [CP] Check Pods Manifest.lock */,
				26858F722D1AE2A600897E37 /* Sources */,
				26858F732D1AE2A600897E37 /* Frameworks */,
				26858F742D1AE2A600897E37 /* Resources */,
				B3A7F73173AB1FD18D6355C3 /* [CP] Embed Pods Frameworks */,
			);
			buildRules = (
			);
			dependencies = (
			);
			name = MusicApp;
			productName = MusicApp;
			productReference = 26858F762D1AE2A600897E37 /* MusicApp.app */;
			productType = "com.apple.product-type.application";
		};
/* End PBXNativeTarget section */

/* Begin PBXProject section */
		26858F6E2D1AE2A600897E37 /* Project object */ = {
			isa = PBXProject;
			attributes = {
				BuildIndependentTargetsInParallel = 1;
				LastSwiftUpdateCheck = 1600;
				LastUpgradeCheck = 1600;
				TargetAttributes = {
					26858F752D1AE2A600897E37 = {
						CreatedOnToolsVersion = 16.0;
					};
				};
			};
			buildConfigurationList = 26858F712D1AE2A600897E37 /* Build configuration list for PBXProject "MusicApp" */;
			compatibilityVersion = "Xcode 13.0";
			developmentRegion = en;
			hasScannedForEncodings = 0;
			knownRegions = (
				en,
				Base,
			);
			mainGroup = 26858F6D2D1AE2A600897E37;
			packageReferences = (
				263878942D6F65F000AB5104 /* XCRemoteSwiftPackageReference "swift-google-drive-client" */,
			);
			productRefGroup = 26858F772D1AE2A600897E37 /* Products */;
			projectDirPath = "";
			projectRoot = "";
			targets = (
				26858F752D1AE2A600897E37 /* MusicApp */,
			);
		};
/* End PBXProject section */

/* Begin PBXResourcesBuildPhase section */
		26858F742D1AE2A600897E37 /* Resources */ = {
			isa = PBXResourcesBuildPhase;
			buildActionMask = 2147483647;
			files = (
				26A579402D65EB94007FA466 /* DEBUG-keys.plist in Resources */,
				26A579422D65EBAF007FA466 /* PROD-keys.plist in Resources */,
				2601DBA82D2AF0E2002024CC /* Assets.xcassets in Resources */,
				2601DBAA2D2AF0E2002024CC /* LaunchScreen.storyboard in Resources */,
				261F54312D4E9F5900FA94F2 /* README.md in Resources */,
			);
			runOnlyForDeploymentPostprocessing = 0;
		};
/* End PBXResourcesBuildPhase section */

/* Begin PBXShellScriptBuildPhase section */
		B3A7F73173AB1FD18D6355C3 /* [CP] Embed Pods Frameworks */ = {
			isa = PBXShellScriptBuildPhase;
			buildActionMask = 2147483647;
			files = (
			);
			inputFileListPaths = (
				"${PODS_ROOT}/Target Support Files/Pods-MusicApp/Pods-MusicApp-frameworks-${CONFIGURATION}-input-files.xcfilelist",
			);
			name = "[CP] Embed Pods Frameworks";
			outputFileListPaths = (
				"${PODS_ROOT}/Target Support Files/Pods-MusicApp/Pods-MusicApp-frameworks-${CONFIGURATION}-output-files.xcfilelist",
			);
			runOnlyForDeploymentPostprocessing = 0;
			shellPath = /bin/sh;
			shellScript = "\"${PODS_ROOT}/Target Support Files/Pods-MusicApp/Pods-MusicApp-frameworks.sh\"\n";
			showEnvVarsInLog = 0;
		};
		FF375B2155078EF4232C8F4F /* [CP] Check Pods Manifest.lock */ = {
			isa = PBXShellScriptBuildPhase;
			buildActionMask = 2147483647;
			files = (
			);
			inputFileListPaths = (
			);
			inputPaths = (
				"${PODS_PODFILE_DIR_PATH}/Podfile.lock",
				"${PODS_ROOT}/Manifest.lock",
			);
			name = "[CP] Check Pods Manifest.lock";
			outputFileListPaths = (
			);
			outputPaths = (
				"$(DERIVED_FILE_DIR)/Pods-MusicApp-checkManifestLockResult.txt",
			);
			runOnlyForDeploymentPostprocessing = 0;
			shellPath = /bin/sh;
			shellScript = "diff \"${PODS_PODFILE_DIR_PATH}/Podfile.lock\" \"${PODS_ROOT}/Manifest.lock\" > /dev/null\nif [ $? != 0 ] ; then\n    # print error to STDERR\n    echo \"error: The sandbox is not in sync with the Podfile.lock. Run 'pod install' or update your CocoaPods installation.\" >&2\n    exit 1\nfi\n# This output is used by Xcode 'outputs' to avoid re-running this script phase.\necho \"SUCCESS\" > \"${SCRIPT_OUTPUT_FILE_0}\"\n";
			showEnvVarsInLog = 0;
		};
/* End PBXShellScriptBuildPhase section */

/* Begin PBXSourcesBuildPhase section */
		26858F722D1AE2A600897E37 /* Sources */ = {
			isa = PBXSourcesBuildPhase;
			buildActionMask = 2147483647;
			files = (
				2694C2DC2D34298100DFB9E8 /* SettingsScreenWorker.swift in Sources */,
				261F542A2D4E5A2300FA94F2 /* AudioPlayerService.swift in Sources */,
				2694C2D22D34294F00DFB9E8 /* SettingsScreenModels.swift in Sources */,
				2601DB942D2AF0E2002024CC /* ImportOptionsCell.swift in Sources */,
				26A5793A2D6531A4007FA466 /* PlayerAssembly.swift in Sources */,
				2601DB952D2AF0E2002024CC /* TabViewController.swift in Sources */,
				26A579302D652F55007FA466 /* PlayerViewController.swift in Sources */,
				2601DB962D2AF0E2002024CC /* UIView+Pin.swift in Sources */,
				26A579322D653170007FA466 /* PlayerInteractor.swift in Sources */,
				2646EE502D2EE547002E7FFA /* GoogleDriveWorker.swift in Sources */,
				2601DB972D2AF0E2002024CC /* UserDefaultsKeys.swift in Sources */,
				2654A3EA2D3AA8CA00CCC58D /* MyMusicProtocols.swift in Sources */,
				2694C2DE2D34298800DFB9E8 /* SettingsScreenViewController.swift in Sources */,
				26E7E21A2D2D940F003AFA22 /* AudioFilesCell.swift in Sources */,
				2601DB982D2AF0E2002024CC /* AudioImportAssembly.swift in Sources */,
				2601DB992D2AF0E2002024CC /* AudioImportInteractor.swift in Sources */,
				26D6719C2D3D7ABA0074B5B8 /* FetchedAudioCell.swift in Sources */,
				2601DB9A2D2AF0E2002024CC /* AudioImportModels.swift in Sources */,
				2601DB9B2D2AF0E2002024CC /* AudioImportPresenter.swift in Sources */,
				26C640D42D36D4C800E83901 /* Color.swift in Sources */,
				26C446F92D4A76680094C5F4 /* AudioImportWorker.swift in Sources */,
				2694C2B22D3037F900DFB9E8 /* CloudWorkerProtocol.swift in Sources */,
				26A579342D65317B007FA466 /* PlayerPresenter.swift in Sources */,
				2601DB9C2D2AF0E2002024CC /* AudioImportProtocols.swift in Sources */,
				26E7E2182D2D640F003AFA22 /* AudioFilesOverviewScreenWorker.swift in Sources */,
				26A579382D653196007FA466 /* PlayerProtocols.swift in Sources */,
				26E7E2142D2D63FA003AFA22 /* AudioFilesOverviewScreenAssembly.swift in Sources */,
				2654A3EC2D3AA8F900CCC58D /* MyMusicInteractor.swift in Sources */,
				26C640D72D36D4DA00E83901 /* Image.swift in Sources */,
				261F542F2D4E6BCD00FA94F2 /* MiniPlayerViewFactory.swift in Sources */,
				26E7E20E2D2D638F003AFA22 /* AudioFilesOverviewScreenProtocols.swift in Sources */,
				2646EE4A2D2EBCDB002E7FFA /* CloudServiceType.swift in Sources */,
				26A579452D65EC03007FA466 /* Env.swift in Sources */,
				26E7E2102D2D639F003AFA22 /* AudioFilesOverviewScreenInteractor.swift in Sources */,
				26C446FD2D4A9B990094C5F4 /* MyMusicWorker.swift in Sources */,
				2654A3E62D3AA84A00CCC58D /* MyMusicViewController.swift in Sources */,
				2601DB9D2D2AF0E2002024CC /* AudioImportViewController.swift in Sources */,
				26C446FB2D4A9ACD0094C5F4 /* SortType.swift in Sources */,
				2601DB9F2D2AF0E2002024CC /* StartScreenAssembly.swift in Sources */,
				26E6BDAD2D6D0EC400898720 /* DownloadState.swift in Sources */,
				2601DBA02D2AF0E2002024CC /* StartScreenInteractor.swift in Sources */,
				2601DBA12D2AF0E2002024CC /* StartScreenModels.swift in Sources */,
				26C446C22D4908460094C5F4 /* LocalAudioService.swift in Sources */,
				2601DBA22D2AF0E2002024CC /* StartScreenPresenter.swift in Sources */,
				2694C2D62D34296300DFB9E8 /* SettingsScreenInteractor.swift in Sources */,
				2694C2DA2D34297B00DFB9E8 /* SettingsScreenAssembly.swift in Sources */,
				2601DBA32D2AF0E2002024CC /* StartScreenProtocols.swift in Sources */,
				2601DBA42D2AF0E2002024CC /* StartScreenViewController.swift in Sources */,
				2654A44C2D3BDB5D00CCC58D /* MyMusicViewFactory.swift in Sources */,
				2694C2D82D34296A00DFB9E8 /* SettingsScreenPresenter.swift in Sources */,
				26E7E20C2D2D6381003AFA22 /* AudioFilesOverviewScreenModels.swift in Sources */,
				26C446C52D4909380094C5F4 /* LocalAudioWorker.swift in Sources */,
				2646EE4D2D2EE20D002E7FFA /* CloudAudioService.swift in Sources */,
				26C6410F2D36F45E00E83901 /* UIViewController+Alert.swift in Sources */,
				2654A3EE2D3AA90900CCC58D /* MyMusicPresenter.swift in Sources */,
				2694C2D42D34295700DFB9E8 /* SettingsScreenProtocols.swift in Sources */,
				2601DBA52D2AF0E2002024CC /* StartScreenWorker.swift in Sources */,
				2646EE522D2EE55C002E7FFA /* DropboxWorker.swift in Sources */,
				2601DBA62D2AF0E2002024CC /* AppDelegate.swift in Sources */,
				2654A3E82D3AA8B400CCC58D /* MyMusicModels.swift in Sources */,
				26A579472D65EDAC007FA466 /* EnvProtocols.swift in Sources */,
				261F542C2D4E5FB400FA94F2 /* MiniPlayerView.swift in Sources */,
				2694C33A2D344F8900DFB9E8 /* .gitignore in Sources */,
				26A579362D653187007FA466 /* PlayerModels.swift in Sources */,
				2694C2CC2D31A0D600DFB9E8 /* CloudAuthService.swift in Sources */,
				26E7E2122D2D63D4003AFA22 /* AudioFilesOverviewScreenPresenter.swift in Sources */,
				26E7E2162D2D6408003AFA22 /* AudioFilesOverviewScreenViewController.swift in Sources */,
				2646EE482D2EBB75002E7FFA /* AudioFile.swift in Sources */,
				2601DBA72D2AF0E2002024CC /* SceneDelegate.swift in Sources */,
				2654A3F02D3AA93600CCC58D /* MyMusicAssembly.swift in Sources */,
			);
			runOnlyForDeploymentPostprocessing = 0;
		};
/* End PBXSourcesBuildPhase section */

/* Begin PBXVariantGroup section */
		2601DB912D2AF0E2002024CC /* LaunchScreen.storyboard */ = {
			isa = PBXVariantGroup;
			children = (
				2601DB902D2AF0E2002024CC /* Base */,
			);
			name = LaunchScreen.storyboard;
			sourceTree = "<group>";
		};
/* End PBXVariantGroup section */

/* Begin XCBuildConfiguration section */
		26858F8A2D1AE2A700897E37 /* Debug */ = {
			isa = XCBuildConfiguration;
			baseConfigurationReference = AAE6DF0BF76E7FBECF84DDEE /* Pods-MusicApp.debug.xcconfig */;
			buildSettings = {
				ASSETCATALOG_COMPILER_APPICON_NAME = AppIcon;
				ASSETCATALOG_COMPILER_GLOBAL_ACCENT_COLOR_NAME = AccentColor;
				CODE_SIGN_STYLE = Automatic;
				CURRENT_PROJECT_VERSION = 1;
				DEVELOPMENT_TEAM = 56943FL7RL;
				ENABLE_USER_SCRIPT_SANDBOXING = NO;
				GENERATE_INFOPLIST_FILE = YES;
				INFOPLIST_FILE = MusicApp/Info.plist;
				INFOPLIST_KEY_UIApplicationSupportsIndirectInputEvents = YES;
				INFOPLIST_KEY_UILaunchStoryboardName = LaunchScreen;
				INFOPLIST_KEY_UISupportedInterfaceOrientations_iPad = "UIInterfaceOrientationPortrait UIInterfaceOrientationPortraitUpsideDown UIInterfaceOrientationLandscapeLeft UIInterfaceOrientationLandscapeRight";
				INFOPLIST_KEY_UISupportedInterfaceOrientations_iPhone = "UIInterfaceOrientationPortrait UIInterfaceOrientationLandscapeLeft UIInterfaceOrientationLandscapeRight";
				LD_RUNPATH_SEARCH_PATHS = (
					"$(inherited)",
					"@executable_path/Frameworks",
				);
				MARKETING_VERSION = 1.0;
				PRODUCT_BUNDLE_IDENTIFIER = co.nikita.MusicApp;
				PRODUCT_NAME = "$(TARGET_NAME)";
				SWIFT_EMIT_LOC_STRINGS = YES;
				SWIFT_VERSION = 5.0;
				TARGETED_DEVICE_FAMILY = "1,2";
			};
			name = Debug;
		};
		26858F8B2D1AE2A700897E37 /* Release */ = {
			isa = XCBuildConfiguration;
			baseConfigurationReference = ECED1CDF70974F5E33ABFE2A /* Pods-MusicApp.release.xcconfig */;
			buildSettings = {
				ASSETCATALOG_COMPILER_APPICON_NAME = AppIcon;
				ASSETCATALOG_COMPILER_GLOBAL_ACCENT_COLOR_NAME = AccentColor;
				CODE_SIGN_STYLE = Automatic;
				CURRENT_PROJECT_VERSION = 1;
				DEVELOPMENT_TEAM = 56943FL7RL;
				ENABLE_USER_SCRIPT_SANDBOXING = NO;
				GENERATE_INFOPLIST_FILE = YES;
				INFOPLIST_FILE = MusicApp/Info.plist;
				INFOPLIST_KEY_UIApplicationSupportsIndirectInputEvents = YES;
				INFOPLIST_KEY_UILaunchStoryboardName = LaunchScreen;
				INFOPLIST_KEY_UISupportedInterfaceOrientations_iPad = "UIInterfaceOrientationPortrait UIInterfaceOrientationPortraitUpsideDown UIInterfaceOrientationLandscapeLeft UIInterfaceOrientationLandscapeRight";
				INFOPLIST_KEY_UISupportedInterfaceOrientations_iPhone = "UIInterfaceOrientationPortrait UIInterfaceOrientationLandscapeLeft UIInterfaceOrientationLandscapeRight";
				LD_RUNPATH_SEARCH_PATHS = (
					"$(inherited)",
					"@executable_path/Frameworks",
				);
				MARKETING_VERSION = 1.0;
				PRODUCT_BUNDLE_IDENTIFIER = co.nikita.MusicApp;
				PRODUCT_NAME = "$(TARGET_NAME)";
				SWIFT_EMIT_LOC_STRINGS = YES;
				SWIFT_VERSION = 5.0;
				TARGETED_DEVICE_FAMILY = "1,2";
			};
			name = Release;
		};
		26858F8C2D1AE2A700897E37 /* Debug */ = {
			isa = XCBuildConfiguration;
			buildSettings = {
				ALWAYS_SEARCH_USER_PATHS = NO;
				ASSETCATALOG_COMPILER_GENERATE_SWIFT_ASSET_SYMBOL_EXTENSIONS = YES;
				CLANG_ANALYZER_NONNULL = YES;
				CLANG_ANALYZER_NUMBER_OBJECT_CONVERSION = YES_AGGRESSIVE;
				CLANG_CXX_LANGUAGE_STANDARD = "gnu++20";
				CLANG_ENABLE_MODULES = YES;
				CLANG_ENABLE_OBJC_ARC = YES;
				CLANG_ENABLE_OBJC_WEAK = YES;
				CLANG_WARN_BLOCK_CAPTURE_AUTORELEASING = YES;
				CLANG_WARN_BOOL_CONVERSION = YES;
				CLANG_WARN_COMMA = YES;
				CLANG_WARN_CONSTANT_CONVERSION = YES;
				CLANG_WARN_DEPRECATED_OBJC_IMPLEMENTATIONS = YES;
				CLANG_WARN_DIRECT_OBJC_ISA_USAGE = YES_ERROR;
				CLANG_WARN_DOCUMENTATION_COMMENTS = YES;
				CLANG_WARN_EMPTY_BODY = YES;
				CLANG_WARN_ENUM_CONVERSION = YES;
				CLANG_WARN_INFINITE_RECURSION = YES;
				CLANG_WARN_INT_CONVERSION = YES;
				CLANG_WARN_NON_LITERAL_NULL_CONVERSION = YES;
				CLANG_WARN_OBJC_IMPLICIT_RETAIN_SELF = YES;
				CLANG_WARN_OBJC_LITERAL_CONVERSION = YES;
				CLANG_WARN_OBJC_ROOT_CLASS = YES_ERROR;
				CLANG_WARN_QUOTED_INCLUDE_IN_FRAMEWORK_HEADER = YES;
				CLANG_WARN_RANGE_LOOP_ANALYSIS = YES;
				CLANG_WARN_STRICT_PROTOTYPES = YES;
				CLANG_WARN_SUSPICIOUS_MOVE = YES;
				CLANG_WARN_UNGUARDED_AVAILABILITY = YES_AGGRESSIVE;
				CLANG_WARN_UNREACHABLE_CODE = YES;
				CLANG_WARN__DUPLICATE_METHOD_MATCH = YES;
				COPY_PHASE_STRIP = NO;
				DEBUG_INFORMATION_FORMAT = dwarf;
				ENABLE_STRICT_OBJC_MSGSEND = YES;
				ENABLE_TESTABILITY = YES;
				ENABLE_USER_SCRIPT_SANDBOXING = YES;
				GCC_C_LANGUAGE_STANDARD = gnu17;
				GCC_DYNAMIC_NO_PIC = NO;
				GCC_NO_COMMON_BLOCKS = YES;
				GCC_OPTIMIZATION_LEVEL = 0;
				GCC_PREPROCESSOR_DEFINITIONS = (
					"DEBUG=1",
					"$(inherited)",
				);
				GCC_WARN_64_TO_32_BIT_CONVERSION = YES;
				GCC_WARN_ABOUT_RETURN_TYPE = YES_ERROR;
				GCC_WARN_UNDECLARED_SELECTOR = YES;
				GCC_WARN_UNINITIALIZED_AUTOS = YES_AGGRESSIVE;
				GCC_WARN_UNUSED_FUNCTION = YES;
				GCC_WARN_UNUSED_VARIABLE = YES;
				IPHONEOS_DEPLOYMENT_TARGET = 18.0;
				LOCALIZATION_PREFERS_STRING_CATALOGS = YES;
				MTL_ENABLE_DEBUG_INFO = INCLUDE_SOURCE;
				MTL_FAST_MATH = YES;
				ONLY_ACTIVE_ARCH = YES;
				SDKROOT = iphoneos;
				SWIFT_ACTIVE_COMPILATION_CONDITIONS = "DEBUG $(inherited)";
				SWIFT_OPTIMIZATION_LEVEL = "-Onone";
			};
			name = Debug;
		};
		26858F8D2D1AE2A700897E37 /* Release */ = {
			isa = XCBuildConfiguration;
			buildSettings = {
				ALWAYS_SEARCH_USER_PATHS = NO;
				ASSETCATALOG_COMPILER_GENERATE_SWIFT_ASSET_SYMBOL_EXTENSIONS = YES;
				CLANG_ANALYZER_NONNULL = YES;
				CLANG_ANALYZER_NUMBER_OBJECT_CONVERSION = YES_AGGRESSIVE;
				CLANG_CXX_LANGUAGE_STANDARD = "gnu++20";
				CLANG_ENABLE_MODULES = YES;
				CLANG_ENABLE_OBJC_ARC = YES;
				CLANG_ENABLE_OBJC_WEAK = YES;
				CLANG_WARN_BLOCK_CAPTURE_AUTORELEASING = YES;
				CLANG_WARN_BOOL_CONVERSION = YES;
				CLANG_WARN_COMMA = YES;
				CLANG_WARN_CONSTANT_CONVERSION = YES;
				CLANG_WARN_DEPRECATED_OBJC_IMPLEMENTATIONS = YES;
				CLANG_WARN_DIRECT_OBJC_ISA_USAGE = YES_ERROR;
				CLANG_WARN_DOCUMENTATION_COMMENTS = YES;
				CLANG_WARN_EMPTY_BODY = YES;
				CLANG_WARN_ENUM_CONVERSION = YES;
				CLANG_WARN_INFINITE_RECURSION = YES;
				CLANG_WARN_INT_CONVERSION = YES;
				CLANG_WARN_NON_LITERAL_NULL_CONVERSION = YES;
				CLANG_WARN_OBJC_IMPLICIT_RETAIN_SELF = YES;
				CLANG_WARN_OBJC_LITERAL_CONVERSION = YES;
				CLANG_WARN_OBJC_ROOT_CLASS = YES_ERROR;
				CLANG_WARN_QUOTED_INCLUDE_IN_FRAMEWORK_HEADER = YES;
				CLANG_WARN_RANGE_LOOP_ANALYSIS = YES;
				CLANG_WARN_STRICT_PROTOTYPES = YES;
				CLANG_WARN_SUSPICIOUS_MOVE = YES;
				CLANG_WARN_UNGUARDED_AVAILABILITY = YES_AGGRESSIVE;
				CLANG_WARN_UNREACHABLE_CODE = YES;
				CLANG_WARN__DUPLICATE_METHOD_MATCH = YES;
				COPY_PHASE_STRIP = NO;
				DEBUG_INFORMATION_FORMAT = "dwarf-with-dsym";
				ENABLE_NS_ASSERTIONS = NO;
				ENABLE_STRICT_OBJC_MSGSEND = YES;
				ENABLE_USER_SCRIPT_SANDBOXING = YES;
				GCC_C_LANGUAGE_STANDARD = gnu17;
				GCC_NO_COMMON_BLOCKS = YES;
				GCC_WARN_64_TO_32_BIT_CONVERSION = YES;
				GCC_WARN_ABOUT_RETURN_TYPE = YES_ERROR;
				GCC_WARN_UNDECLARED_SELECTOR = YES;
				GCC_WARN_UNINITIALIZED_AUTOS = YES_AGGRESSIVE;
				GCC_WARN_UNUSED_FUNCTION = YES;
				GCC_WARN_UNUSED_VARIABLE = YES;
				IPHONEOS_DEPLOYMENT_TARGET = 18.0;
				LOCALIZATION_PREFERS_STRING_CATALOGS = YES;
				MTL_ENABLE_DEBUG_INFO = NO;
				MTL_FAST_MATH = YES;
				SDKROOT = iphoneos;
				SWIFT_COMPILATION_MODE = wholemodule;
				VALIDATE_PRODUCT = YES;
			};
			name = Release;
		};
/* End XCBuildConfiguration section */

/* Begin XCConfigurationList section */
		26858F712D1AE2A600897E37 /* Build configuration list for PBXProject "MusicApp" */ = {
			isa = XCConfigurationList;
			buildConfigurations = (
				26858F8C2D1AE2A700897E37 /* Debug */,
				26858F8D2D1AE2A700897E37 /* Release */,
			);
			defaultConfigurationIsVisible = 0;
			defaultConfigurationName = Release;
		};
		26858F892D1AE2A700897E37 /* Build configuration list for PBXNativeTarget "MusicApp" */ = {
			isa = XCConfigurationList;
			buildConfigurations = (
				26858F8A2D1AE2A700897E37 /* Debug */,
				26858F8B2D1AE2A700897E37 /* Release */,
			);
			defaultConfigurationIsVisible = 0;
			defaultConfigurationName = Release;
		};
/* End XCConfigurationList section */

/* Begin XCRemoteSwiftPackageReference section */
		263878942D6F65F000AB5104 /* XCRemoteSwiftPackageReference "swift-google-drive-client" */ = {
			isa = XCRemoteSwiftPackageReference;
			repositoryURL = "https://github.com/darrarski/swift-google-drive-client.git";
			requirement = {
				branch = main;
				kind = branch;
			};
		};
/* End XCRemoteSwiftPackageReference section */

/* Begin XCSwiftPackageProductDependency section */
		263878952D6F65F000AB5104 /* GoogleDriveClient */ = {
			isa = XCSwiftPackageProductDependency;
			package = 263878942D6F65F000AB5104 /* XCRemoteSwiftPackageReference "swift-google-drive-client" */;
			productName = GoogleDriveClient;
		};
/* End XCSwiftPackageProductDependency section */
	};
	rootObject = 26858F6E2D1AE2A600897E37 /* Project object */;
}
